
Microsoft Visual Studio Solution File, Format Version 12.00
# Visual Studio 2012
Project("{8BC9CEB8-8B4A-11D0-8D11-00A0C91BC942}") = "TCadVC11", "TCad\TCadVC11.vcxproj", "{A1008DF5-8547-47B7-BA73-D3983EB4D959}"
EndProject
Project("{8BC9CEB8-8B4A-11D0-8D11-00A0C91BC942}") = "geoLibVC11", "geoLib\geoLibVC11.vcxproj", "{2AE9C063-B71B-4723-88AA-F374AA91F5FD}"
EndProject
Global
	GlobalSection(SolutionConfigurationPlatforms) = preSolution
		Debug|Win32 = Debug|Win32
		Debug|x64 = Debug|x64
		Release|Win32 = Release|Win32
		Release|x64 = Release|x64
	EndGlobalSection
	GlobalSection(ProjectConfigurationPlatforms) = postSolution
		{A1008DF5-8547-47B7-BA73-D3983EB4D959}.Debug|Win32.ActiveCfg = Debug|Win32
		{A1008DF5-8547-47B7-BA73-D3983EB4D959}.Debug|Win32.Build.0 = Debug|Win32
		{A1008DF5-8547-47B7-BA73-D3983EB4D959}.Debug|x64.ActiveCfg = Debug|x64
		{A1008DF5-8547-47B7-BA73-D3983EB4D959}.Debug|x64.Build.0 = Debug|x64
		{A1008DF5-8547-47B7-BA73-D3983EB4D959}.Release|Win32.ActiveCfg = Release|Win32
		{A1008DF5-8547-47B7-BA73-D3983EB4D959}.Release|Win32.Build.0 = Release|Win32
		{A1008DF5-8547-47B7-BA73-D3983EB4D959}.Release|x64.ActiveCfg = Release|x64
		{A1008DF5-8547-47B7-BA73-D3983EB4D959}.Release|x64.Build.0 = Release|x64
		{2AE9C063-B71B-4723-88AA-F374AA91F5FD}.Debug|Win32.ActiveCfg = Debug|Win32
		{2AE9C063-B71B-4723-88AA-F374AA91F5FD}.Debug|Win32.Build.0 = Debug|Win32
		{2AE9C063-B71B-4723-88AA-F374AA91F5FD}.Debug|x64.ActiveCfg = Debug|x64
		{2AE9C063-B71B-4723-88AA-F374AA91F5FD}.Debug|x64.Build.0 = Debug|x64
		{2AE9C063-B71B-4723-88AA-F374AA91F5FD}.Release|Win32.ActiveCfg = Release|Win32
		{2AE9C063-B71B-4723-88AA-F374AA91F5FD}.Release|Win32.Build.0 = Release|Win32
		{2AE9C063-B71B-4723-88AA-F374AA91F5FD}.Release|x64.ActiveCfg = Release|x64
		{2AE9C063-B71B-4723-88AA-F374AA91F5FD}.Release|x64.Build.0 = Release|x64
	EndGlobalSection
	GlobalSection(SolutionProperties) = preSolution
		HideSolutionNode = FALSE
	EndGlobalSection
EndGlobal
